
Microsoft Visual Studio Solution File, Format Version 12.00
# Visual Studio Version 16
VisualStudioVersion = 16.0.31515.178
MinimumVisualStudioVersion = 10.0.40219.1
Project("{9A19103F-16F7-4668-BE54-9A1E7A4F7556}") = "TabletopRpg.ConsoleApp", "TabletopRpg\TabletopRpg.ConsoleApp.csproj", "{4E02A806-F2AD-46FE-83CA-788B07A18DBC}"
EndProject
Project("{9A19103F-16F7-4668-BE54-9A1E7A4F7556}") = "TabletopRpg.Core", "TabletopRpg.Core\TabletopRpg.Core.csproj", "{5897FCBD-C90A-4BAA-B301-795B36EBD293}"
EndProject
Project("{9A19103F-16F7-4668-BE54-9A1E7A4F7556}") = "TabletopRpg.Core.Tests", "TabletopRpg.Core.Tests\TabletopRpg.Core.Tests.csproj", "{797CA6E4-DDF7-45CC-BCD5-697A0DB39BA5}"
EndProject
Global
	GlobalSection(SolutionConfigurationPlatforms) = preSolution
		Debug|Any CPU = Debug|Any CPU
		Release|Any CPU = Release|Any CPU
	EndGlobalSection
	GlobalSection(ProjectConfigurationPlatforms) = postSolution
		{4E02A806-F2AD-46FE-83CA-788B07A18DBC}.Debug|Any CPU.ActiveCfg = Debug|Any CPU
		{4E02A806-F2AD-46FE-83CA-788B07A18DBC}.Debug|Any CPU.Build.0 = Debug|Any CPU
		{4E02A806-F2AD-46FE-83CA-788B07A18DBC}.Release|Any CPU.ActiveCfg = Release|Any CPU
		{4E02A806-F2AD-46FE-83CA-788B07A18DBC}.Release|Any CPU.Build.0 = Release|Any CPU
		{5897FCBD-C90A-4BAA-B301-795B36EBD293}.Debug|Any CPU.ActiveCfg = Debug|Any CPU
		{5897FCBD-C90A-4BAA-B301-795B36EBD293}.Debug|Any CPU.Build.0 = Debug|Any CPU
		{5897FCBD-C90A-4BAA-B301-795B36EBD293}.Release|Any CPU.ActiveCfg = Release|Any CPU
		{5897FCBD-C90A-4BAA-B301-795B36EBD293}.Release|Any CPU.Build.0 = Release|Any CPU
		{797CA6E4-DDF7-45CC-BCD5-697A0DB39BA5}.Debug|Any CPU.ActiveCfg = Debug|Any CPU
		{797CA6E4-DDF7-45CC-BCD5-697A0DB39BA5}.Debug|Any CPU.Build.0 = Debug|Any CPU
		{797CA6E4-DDF7-45CC-BCD5-697A0DB39BA5}.Release|Any CPU.ActiveCfg = Release|Any CPU
		{797CA6E4-DDF7-45CC-BCD5-697A0DB39BA5}.Release|Any CPU.Build.0 = Release|Any CPU
	EndGlobalSection
	GlobalSection(SolutionProperties) = preSolution
		HideSolutionNode = FALSE
	EndGlobalSection
	GlobalSection(ExtensibilityGlobals) = postSolution
		SolutionGuid = {6C7D44B4-87C2-4B39-ADCB-EF91CE1ACA6B}
	EndGlobalSection
EndGlobal
